
Microsoft Visual Studio Solution File, Format Version 11.00
# Visual Studio 2010
Project("{8BC9CEB8-8B4A-11D0-8D11-00A0C91BC942}") = "Graph", "graph\graph.vcxproj", "{2F53683B-F9C2-4E47-BE0E-983D58EEE3CA}"
EndProject
<<<<<<< .mine
Project("{8BC9CEB8-8B4A-11D0-8D11-00A0C91BC942}") = "VisualGraph", "VisualGraph\VisualGraph.vcxproj", "{995596B4-3DD5-40A1-8D49-1EA9BBB55018}"
EndProject
=======
Project("{8BC9CEB8-8B4A-11D0-8D11-00A0C91BC942}") = "GraphTest", "GraphTest\GraphTest.vcxproj", "{B7298506-CD5D-4051-8FEA-1D7AB25C7276}"
EndProject
>>>>>>> .r10
Global
	GlobalSection(SubversionScc) = preSolution
		Svn-Managed = True
		Manager = AnkhSVN - Subversion Support for Visual Studio
	EndGlobalSection
	GlobalSection(SolutionConfigurationPlatforms) = preSolution
		Debug|Win32 = Debug|Win32
		Release|Win32 = Release|Win32
	EndGlobalSection
	GlobalSection(ProjectConfigurationPlatforms) = postSolution
		{2F53683B-F9C2-4E47-BE0E-983D58EEE3CA}.Debug|Win32.ActiveCfg = Debug|Win32
		{2F53683B-F9C2-4E47-BE0E-983D58EEE3CA}.Debug|Win32.Build.0 = Debug|Win32
		{2F53683B-F9C2-4E47-BE0E-983D58EEE3CA}.Release|Win32.ActiveCfg = Release|Win32
		{2F53683B-F9C2-4E47-BE0E-983D58EEE3CA}.Release|Win32.Build.0 = Release|Win32
<<<<<<< .mine
		{995596B4-3DD5-40A1-8D49-1EA9BBB55018}.Debug|Win32.ActiveCfg = Debug|Win32
		{995596B4-3DD5-40A1-8D49-1EA9BBB55018}.Debug|Win32.Build.0 = Debug|Win32
		{995596B4-3DD5-40A1-8D49-1EA9BBB55018}.Release|Win32.ActiveCfg = Release|Win32
		{995596B4-3DD5-40A1-8D49-1EA9BBB55018}.Release|Win32.Build.0 = Release|Win32
=======
		{B7298506-CD5D-4051-8FEA-1D7AB25C7276}.Debug|Win32.ActiveCfg = Debug|Win32
		{B7298506-CD5D-4051-8FEA-1D7AB25C7276}.Debug|Win32.Build.0 = Debug|Win32
		{B7298506-CD5D-4051-8FEA-1D7AB25C7276}.Release|Win32.ActiveCfg = Release|Win32
		{B7298506-CD5D-4051-8FEA-1D7AB25C7276}.Release|Win32.Build.0 = Release|Win32
>>>>>>> .r10
	EndGlobalSection
	GlobalSection(SolutionProperties) = preSolution
		HideSolutionNode = FALSE
	EndGlobalSection
EndGlobal
